// !$*UTF8*$!
{
	archiveVersion = 1;
	classes = {
	};
	objectVersion = 48;
	objects = {

/* Begin PBXBuildFile section */
		0465117A1F283EA000B85E2C /* BookPagerController.swift in Sources */ = {isa = PBXBuildFile; fileRef = 046511791F283EA000B85E2C /* BookPagerController.swift */; };
		0465117F1F28509000B85E2C /* PageCell.swift in Sources */ = {isa = PBXBuildFile; fileRef = 0465117E1F28509000B85E2C /* PageCell.swift */; };
		048CBD411F22F2B3004CA615 /* AppDelegate.swift in Sources */ = {isa = PBXBuildFile; fileRef = 048CBD401F22F2B3004CA615 /* AppDelegate.swift */; };
		048CBD431F22F2B3004CA615 /* ViewController.swift in Sources */ = {isa = PBXBuildFile; fileRef = 048CBD421F22F2B3004CA615 /* ViewController.swift */; };
		048CBD481F22F2B3004CA615 /* Assets.xcassets in Resources */ = {isa = PBXBuildFile; fileRef = 048CBD471F22F2B3004CA615 /* Assets.xcassets */; };
		048CBD4B1F22F2B3004CA615 /* LaunchScreen.storyboard in Resources */ = {isa = PBXBuildFile; fileRef = 048CBD491F22F2B3004CA615 /* LaunchScreen.storyboard */; };
		048CBD541F22F340004CA615 /* Book.swift in Sources */ = {isa = PBXBuildFile; fileRef = 048CBD531F22F340004CA615 /* Book.swift */; };
		048CBD561F22F499004CA615 /* Pages.swift in Sources */ = {isa = PBXBuildFile; fileRef = 048CBD551F22F499004CA615 /* Pages.swift */; };
		04AF59B31F2CBF910011C959 /* FooterView.swift in Sources */ = {isa = PBXBuildFile; fileRef = 04AF59B21F2CBF910011C959 /* FooterView.swift */; };
		04F406531F26F83200A18103 /* BookCell.swift in Sources */ = {isa = PBXBuildFile; fileRef = 04F406521F26F83200A18103 /* BookCell.swift */; };
/* End PBXBuildFile section */

/* Begin PBXFileReference section */
		046511791F283EA000B85E2C /* BookPagerController.swift */ = {isa = PBXFileReference; lastKnownFileType = sourcecode.swift; path = BookPagerController.swift; sourceTree = "<group>"; };
		0465117E1F28509000B85E2C /* PageCell.swift */ = {isa = PBXFileReference; lastKnownFileType = sourcecode.swift; path = PageCell.swift; sourceTree = "<group>"; };
		048CBD3D1F22F2B3004CA615 /* KindleApp.app */ = {isa = PBXFileReference; explicitFileType = wrapper.application; includeInIndex = 0; path = KindleApp.app; sourceTree = BUILT_PRODUCTS_DIR; };
		048CBD401F22F2B3004CA615 /* AppDelegate.swift */ = {isa = PBXFileReference; lastKnownFileType = sourcecode.swift; path = AppDelegate.swift; sourceTree = "<group>"; };
		048CBD421F22F2B3004CA615 /* ViewController.swift */ = {isa = PBXFileReference; lastKnownFileType = sourcecode.swift; path = ViewController.swift; sourceTree = "<group>"; };
		048CBD471F22F2B3004CA615 /* Assets.xcassets */ = {isa = PBXFileReference; lastKnownFileType = folder.assetcatalog; path = Assets.xcassets; sourceTree = "<group>"; };
		048CBD4A1F22F2B3004CA615 /* Base */ = {isa = PBXFileReference; lastKnownFileType = file.storyboard; name = Base; path = Base.lproj/LaunchScreen.storyboard; sourceTree = "<group>"; };
		048CBD4C1F22F2B3004CA615 /* Info.plist */ = {isa = PBXFileReference; lastKnownFileType = text.plist.xml; path = Info.plist; sourceTree = "<group>"; };
		048CBD531F22F340004CA615 /* Book.swift */ = {isa = PBXFileReference; lastKnownFileType = sourcecode.swift; path = Book.swift; sourceTree = "<group>"; };
		048CBD551F22F499004CA615 /* Pages.swift */ = {isa = PBXFileReference; lastKnownFileType = sourcecode.swift; path = Pages.swift; sourceTree = "<group>"; };
		04AF59B21F2CBF910011C959 /* FooterView.swift */ = {isa = PBXFileReference; lastKnownFileType = sourcecode.swift; path = FooterView.swift; sourceTree = "<group>"; };
		04F406521F26F83200A18103 /* BookCell.swift */ = {isa = PBXFileReference; lastKnownFileType = sourcecode.swift; path = BookCell.swift; sourceTree = "<group>"; };
/* End PBXFileReference section */

/* Begin PBXFrameworksBuildPhase section */
		048CBD3A1F22F2B3004CA615 /* Frameworks */ = {
			isa = PBXFrameworksBuildPhase;
			buildActionMask = 2147483647;
			files = (
			);
			runOnlyForDeploymentPostprocessing = 0;
		};
/* End PBXFrameworksBuildPhase section */

/* Begin PBXGroup section */
		0465117B1F2842FC00B85E2C /* Controller */ = {
			isa = PBXGroup;
			children = (
				048CBD421F22F2B3004CA615 /* ViewController.swift */,
				046511791F283EA000B85E2C /* BookPagerController.swift */,
			);
			path = Controller;
			sourceTree = "<group>";
		};
		046511801F28897800B85E2C /* View */ = {
			isa = PBXGroup;
			children = (
				04F406521F26F83200A18103 /* BookCell.swift */,
				0465117E1F28509000B85E2C /* PageCell.swift */,
				04AF59B21F2CBF910011C959 /* FooterView.swift */,
			);
			path = View;
			sourceTree = "<group>";
		};
		048CBD341F22F2B3004CA615 = {
			isa = PBXGroup;
			children = (
				048CBD3F1F22F2B3004CA615 /* KindleApp */,
				048CBD3E1F22F2B3004CA615 /* Products */,
			);
			sourceTree = "<group>";
		};
		048CBD3E1F22F2B3004CA615 /* Products */ = {
			isa = PBXGroup;
			children = (
				048CBD3D1F22F2B3004CA615 /* KindleApp.app */,
			);
			name = Products;
			sourceTree = "<group>";
		};
		048CBD3F1F22F2B3004CA615 /* KindleApp */ = {
			isa = PBXGroup;
			children = (
				0465117B1F2842FC00B85E2C /* Controller */,
				048CBD521F22F32C004CA615 /* Model */,
				046511801F28897800B85E2C /* View */,
				048CBD401F22F2B3004CA615 /* AppDelegate.swift */,
				048CBD471F22F2B3004CA615 /* Assets.xcassets */,
				048CBD491F22F2B3004CA615 /* LaunchScreen.storyboard */,
				048CBD4C1F22F2B3004CA615 /* Info.plist */,
			);
			path = KindleApp;
			sourceTree = "<group>";
		};
		048CBD521F22F32C004CA615 /* Model */ = {
			isa = PBXGroup;
			children = (
				048CBD531F22F340004CA615 /* Book.swift */,
				048CBD551F22F499004CA615 /* Pages.swift */,
			);
			path = Model;
			sourceTree = "<group>";
		};
/* End PBXGroup section */

/* Begin PBXNativeTarget section */
		048CBD3C1F22F2B3004CA615 /* KindleApp */ = {
			isa = PBXNativeTarget;
			buildConfigurationList = 048CBD4F1F22F2B3004CA615 /* Build configuration list for PBXNativeTarget "KindleApp" */;
			buildPhases = (
				048CBD391F22F2B3004CA615 /* Sources */,
				048CBD3A1F22F2B3004CA615 /* Frameworks */,
				048CBD3B1F22F2B3004CA615 /* Resources */,
			);
			buildRules = (
			);
			dependencies = (
			);
			name = KindleApp;
			productName = KindleApp;
			productReference = 048CBD3D1F22F2B3004CA615 /* KindleApp.app */;
			productType = "com.apple.product-type.application";
		};
/* End PBXNativeTarget section */

/* Begin PBXProject section */
		048CBD351F22F2B3004CA615 /* Project object */ = {
			isa = PBXProject;
			attributes = {
				LastSwiftUpdateCheck = 0900;
				LastUpgradeCheck = 0900;
				ORGANIZATIONNAME = Mac;
				TargetAttributes = {
					048CBD3C1F22F2B3004CA615 = {
						CreatedOnToolsVersion = 9.0;
					};
				};
			};
			buildConfigurationList = 048CBD381F22F2B3004CA615 /* Build configuration list for PBXProject "KindleApp" */;
			compatibilityVersion = "Xcode 8.0";
			developmentRegion = en;
			hasScannedForEncodings = 0;
			knownRegions = (
				en,
				Base,
			);
			mainGroup = 048CBD341F22F2B3004CA615;
			productRefGroup = 048CBD3E1F22F2B3004CA615 /* Products */;
			projectDirPath = "";
			projectRoot = "";
			targets = (
				048CBD3C1F22F2B3004CA615 /* KindleApp */,
			);
		};
/* End PBXProject section */

/* Begin PBXResourcesBuildPhase section */
		048CBD3B1F22F2B3004CA615 /* Resources */ = {
			isa = PBXResourcesBuildPhase;
			buildActionMask = 2147483647;
			files = (
				048CBD4B1F22F2B3004CA615 /* LaunchScreen.storyboard in Resources */,
				048CBD481F22F2B3004CA615 /* Assets.xcassets in Resources */,
			);
			runOnlyForDeploymentPostprocessing = 0;
		};
/* End PBXResourcesBuildPhase section */

/* Begin PBXSourcesBuildPhase section */
		048CBD391F22F2B3004CA615 /* Sources */ = {
			isa = PBXSourcesBuildPhase;
			buildActionMask = 2147483647;
			files = (
				0465117A1F283EA000B85E2C /* BookPagerController.swift in Sources */,
				048CBD431F22F2B3004CA615 /* ViewController.swift in Sources */,
				048CBD541F22F340004CA615 /* Book.swift in Sources */,
				048CBD561F22F499004CA615 /* Pages.swift in Sources */,
				048CBD411F22F2B3004CA615 /* AppDelegate.swift in Sources */,
				04AF59B31F2CBF910011C959 /* FooterView.swift in Sources */,
				04F406531F26F83200A18103 /* BookCell.swift in Sources */,
				0465117F1F28509000B85E2C /* PageCell.swift in Sources */,
			);
			runOnlyForDeploymentPostprocessing = 0;
		};
/* End PBXSourcesBuildPhase section */

/* Begin PBXVariantGroup section */
		048CBD491F22F2B3004CA615 /* LaunchScreen.storyboard */ = {
			isa = PBXVariantGroup;
			children = (
				048CBD4A1F22F2B3004CA615 /* Base */,
			);
			name = LaunchScreen.storyboard;
			sourceTree = "<group>";
		};
/* End PBXVariantGroup section */

/* Begin XCBuildConfiguration section */
		048CBD4D1F22F2B3004CA615 /* Debug */ = {
			isa = XCBuildConfiguration;
			buildSettings = {
				ALWAYS_SEARCH_USER_PATHS = NO;
				CLANG_ANALYZER_NONNULL = YES;
				CLANG_ANALYZER_NUMBER_OBJECT_CONVERSION = YES_AGGRESSIVE;
				CLANG_CXX_LANGUAGE_STANDARD = "gnu++14";
				CLANG_CXX_LIBRARY = "libc++";
				CLANG_ENABLE_MODULES = YES;
				CLANG_ENABLE_OBJC_ARC = YES;
				CLANG_WARN_BLOCK_CAPTURE_AUTORELEASING = YES;
				CLANG_WARN_BOOL_CONVERSION = YES;
				CLANG_WARN_COMMA = YES;
				CLANG_WARN_CONSTANT_CONVERSION = YES;
				CLANG_WARN_DIRECT_OBJC_ISA_USAGE = YES_ERROR;
				CLANG_WARN_DOCUMENTATION_COMMENTS = YES;
				CLANG_WARN_EMPTY_BODY = YES;
				CLANG_WARN_ENUM_CONVERSION = YES;
				CLANG_WARN_INFINITE_RECURSION = YES;
				CLANG_WARN_INT_CONVERSION = YES;
				CLANG_WARN_OBJC_ROOT_CLASS = YES_ERROR;
				CLANG_WARN_RANGE_LOOP_ANALYSIS = YES;
				CLANG_WARN_STRICT_PROTOTYPES = YES;
				CLANG_WARN_SUSPICIOUS_MOVE = YES;
				CLANG_WARN_UNGUARDED_AVAILABILITY = YES_AGGRESSIVE;
				CLANG_WARN_UNREACHABLE_CODE = YES;
				CLANG_WARN__DUPLICATE_METHOD_MATCH = YES;
				CODE_SIGN_IDENTITY = "iPhone Developer";
				COPY_PHASE_STRIP = NO;
				DEBUG_INFORMATION_FORMAT = dwarf;
				ENABLE_STRICT_OBJC_MSGSEND = YES;
				ENABLE_TESTABILITY = YES;
				GCC_C_LANGUAGE_STANDARD = gnu11;
				GCC_DYNAMIC_NO_PIC = NO;
				GCC_NO_COMMON_BLOCKS = YES;
				GCC_OPTIMIZATION_LEVEL = 0;
				GCC_PREPROCESSOR_DEFINITIONS = (
					"DEBUG=1",
					"$(inherited)",
				);
				GCC_WARN_64_TO_32_BIT_CONVERSION = YES;
				GCC_WARN_ABOUT_RETURN_TYPE = YES_ERROR;
				GCC_WARN_UNDECLARED_SELECTOR = YES;
				GCC_WARN_UNINITIALIZED_AUTOS = YES_AGGRESSIVE;
				GCC_WARN_UNUSED_FUNCTION = YES;
				GCC_WARN_UNUSED_VARIABLE = YES;
				IPHONEOS_DEPLOYMENT_TARGET = 11.0;
				MTL_ENABLE_DEBUG_INFO = YES;
				ONLY_ACTIVE_ARCH = YES;
				SDKROOT = iphoneos;
				SWIFT_ACTIVE_COMPILATION_CONDITIONS = DEBUG;
				SWIFT_OPTIMIZATION_LEVEL = "-Onone";
			};
			name = Debug;
		};
		048CBD4E1F22F2B3004CA615 /* Release */ = {
			isa = XCBuildConfiguration;
			buildSettings = {
				ALWAYS_SEARCH_USER_PATHS = NO;
				CLANG_ANALYZER_NONNULL = YES;
				CLANG_ANALYZER_NUMBER_OBJECT_CONVERSION = YES_AGGRESSIVE;
				CLANG_CXX_LANGUAGE_STANDARD = "gnu++14";
				CLANG_CXX_LIBRARY = "libc++";
				CLANG_ENABLE_MODULES = YES;
				CLANG_ENABLE_OBJC_ARC = YES;
				CLANG_WARN_BLOCK_CAPTURE_AUTORELEASING = YES;
				CLANG_WARN_BOOL_CONVERSION = YES;
				CLANG_WARN_COMMA = YES;
				CLANG_WARN_CONSTANT_CONVERSION = YES;
				CLANG_WARN_DIRECT_OBJC_ISA_USAGE = YES_ERROR;
				CLANG_WARN_DOCUMENTATION_COMMENTS = YES;
				CLANG_WARN_EMPTY_BODY = YES;
				CLANG_WARN_ENUM_CONVERSION = YES;
				CLANG_WARN_INFINITE_RECURSION = YES;
				CLANG_WARN_INT_CONVERSION = YES;
				CLANG_WARN_OBJC_ROOT_CLASS = YES_ERROR;
				CLANG_WARN_RANGE_LOOP_ANALYSIS = YES;
				CLANG_WARN_STRICT_PROTOTYPES = YES;
				CLANG_WARN_SUSPICIOUS_MOVE = YES;
				CLANG_WARN_UNGUARDED_AVAILABILITY = YES_AGGRESSIVE;
				CLANG_WARN_UNREACHABLE_CODE = YES;
				CLANG_WARN__DUPLICATE_METHOD_MATCH = YES;
				CODE_SIGN_IDENTITY = "iPhone Developer";
				COPY_PHASE_STRIP = NO;
				DEBUG_INFORMATION_FORMAT = "dwarf-with-dsym";
				ENABLE_NS_ASSERTIONS = NO;
				ENABLE_STRICT_OBJC_MSGSEND = YES;
				GCC_C_LANGUAGE_STANDARD = gnu11;
				GCC_NO_COMMON_BLOCKS = YES;
				GCC_WARN_64_TO_32_BIT_CONVERSION = YES;
				GCC_WARN_ABOUT_RETURN_TYPE = YES_ERROR;
				GCC_WARN_UNDECLARED_SELECTOR = YES;
				GCC_WARN_UNINITIALIZED_AUTOS = YES_AGGRESSIVE;
				GCC_WARN_UNUSED_FUNCTION = YES;
				GCC_WARN_UNUSED_VARIABLE = YES;
				IPHONEOS_DEPLOYMENT_TARGET = 11.0;
				MTL_ENABLE_DEBUG_INFO = NO;
				SDKROOT = iphoneos;
				SWIFT_OPTIMIZATION_LEVEL = "-Owholemodule";
				VALIDATE_PRODUCT = YES;
			};
			name = Release;
		};
		048CBD501F22F2B3004CA615 /* Debug */ = {
			isa = XCBuildConfiguration;
			buildSettings = {
				ASSETCATALOG_COMPILER_APPICON_NAME = AppIcon;
				DEVELOPMENT_TEAM = "";
				INFOPLIST_FILE = KindleApp/Info.plist;
				IPHONEOS_DEPLOYMENT_TARGET = 10.3;
				LD_RUNPATH_SEARCH_PATHS = "$(inherited) @executable_path/Frameworks";
				PRODUCT_BUNDLE_IDENTIFIER = myApp.lecture.KindleApp;
				PRODUCT_NAME = "$(TARGET_NAME)";
				SWIFT_VERSION = 4.0;
				TARGETED_DEVICE_FAMILY = "1,2";
			};
			name = Debug;
		};
		048CBD511F22F2B3004CA615 /* Release */ = {
			isa = XCBuildConfiguration;
			buildSettings = {
				ASSETCATALOG_COMPILER_APPICON_NAME = AppIcon;
				DEVELOPMENT_TEAM = "";
				INFOPLIST_FILE = KindleApp/Info.plist;
				IPHONEOS_DEPLOYMENT_TARGET = 10.3;
				LD_RUNPATH_SEARCH_PATHS = "$(inherited) @executable_path/Frameworks";
				PRODUCT_BUNDLE_IDENTIFIER = myApp.lecture.KindleApp;
				PRODUCT_NAME = "$(TARGET_NAME)";
				SWIFT_VERSION = 4.0;
				TARGETED_DEVICE_FAMILY = "1,2";
			};
			name = Release;
		};
/* End XCBuildConfiguration section */

/* Begin XCConfigurationList section */
		048CBD381F22F2B3004CA615 /* Build configuration list for PBXProject "KindleApp" */ = {
			isa = XCConfigurationList;
			buildConfigurations = (
				048CBD4D1F22F2B3004CA615 /* Debug */,
				048CBD4E1F22F2B3004CA615 /* Release */,
			);
			defaultConfigurationIsVisible = 0;
			defaultConfigurationName = Release;
		};
		048CBD4F1F22F2B3004CA615 /* Build configuration list for PBXNativeTarget "KindleApp" */ = {
			isa = XCConfigurationList;
			buildConfigurations = (
				048CBD501F22F2B3004CA615 /* Debug */,
				048CBD511F22F2B3004CA615 /* Release */,
			);
			defaultConfigurationIsVisible = 0;
			defaultConfigurationName = Release;
		};
/* End XCConfigurationList section */
	};
	rootObject = 048CBD351F22F2B3004CA615 /* Project object */;
}
